{
  "version": 4,
  "terraform_version": "1.8.5",
  "serial": 14,
  "lineage": "4d7dbbbf-bcd5-4b84-19e3-004cc8122699",
  "outputs": {
    "key_data": {
      "value": "ssh-rsa AAAAB3NzaC1yc2EAAAADAQABAAABgQDHrvrbVxFmG/LbmXaPVflDqpu8bG+F63B5ePPfAGEIFnEFAdXHGeFyHXG2pymCV83jNTfLsD6gxqO4eFiyUVIny8Qw6z52mDX1AVpxNRTFXK48B3mJkBGefvTgGizcABT07UnsyfWRLxbw1GSAn2CJAV8uRVvFuo4DrDW1GwSpEGiA1z+eP3f8D6KjlUc4duxYwjDTCqUutqiauIe8wkh84n2jQ4rD2uLnwCCZzgvTNUR2kgpdGCcxkY1eml2rjm7qyyphUFM4npaG8IRBF/cOdvwf37Fs3bFlwgN6cYuZVl1f9MSUNj3/8ML8K2hgqi8/DgD5qDiWNTflezWcgu2WPPg9ES0KM+98J/dFS+usRWrvERLQwVkGDhdtARUjUADf13sVlUpzbrLKJvEfV/l9TlgqBDSTMWHRME35hs2ihohXDyv4u/fra6TSmnXlxJnyD7OTH/FjnhJ5yxg4Cp2uTLYjfJVGtJEr9UVzH82GJjzZiGBhFlavzK/VaJgaw9U= generated-by-azure",
      "type": "string"
    }
  },
  "resources": [
    {
      "mode": "managed",
      "type": "azapi_resource",
      "name": "ssh_public_key",
      "provider": "provider[\"registry.terraform.io/azure/azapi\"]",
      "instances": [
        {
          "schema_version": 1,
          "attributes": {
            "body": {
              "value": "{}",
              "type": "string"
            },
            "id": "/subscriptions/ab8702a6-4a7b-49f9-91d8-c5f9506a7ce9/resourceGroups/vm-resource_group/providers/Microsoft.Compute/sshPublicKeys/sshtalentedtahr",
            "identity": [],
            "ignore_body_changes": null,
            "ignore_casing": false,
            "ignore_missing_property": true,
            "location": "eastus",
            "locks": null,
            "name": "sshtalentedtahr",
            "output": {
              "value": "{}",
              "type": "string"
            },
            "parent_id": "/subscriptions/ab8702a6-4a7b-49f9-91d8-c5f9506a7ce9/resourceGroups/vm-resource_group",
            "removing_special_chars": false,
            "response_export_values": null,
            "schema_validation_enabled": true,
            "tags": null,
            "timeouts": null,
            "type": "Microsoft.Compute/sshPublicKeys@2022-11-01"
          },
          "sensitive_attributes": [],
          "dependencies": [
            "azurerm_resource_group.rg",
            "random_pet.ssh_key_name"
          ]
        }
      ]
    },
    {
      "mode": "managed",
      "type": "azapi_resource_action",
      "name": "ssh_public_key_gen",
      "provider": "provider[\"registry.terraform.io/azure/azapi\"]",
      "instances": [
        {
          "schema_version": 1,
          "attributes": {
            "action": "generateKeyPair",
            "body": null,
            "id": "/subscriptions/ab8702a6-4a7b-49f9-91d8-c5f9506a7ce9/resourceGroups/vm-resource_group/providers/Microsoft.Compute/sshPublicKeys/sshtalentedtahr/generateKeyPair",
            "locks": null,
            "method": "POST",
            "output": {
              "value": {
                "privateKey": "-----BEGIN RSA PRIVATE KEY-----\r\nMIIG5AIBAAKCAYEAx67621cRZhvy25l2j1X5Q6qbvGxvhetweXjz3wBhCBZxBQHV\r\nxxnhch1xtqcpglfN4zU3y7A+oMajuHhYslFSJ8vEMOs+dpg19QFacTUUxVyuPAd5\r\niZARnn704Bos3AAU9O1J7Mn1kS8W8NRkgJ9giQFfLkVbxbqOA6w1tRsEqRBogNc/\r\nnj93/A+io5VHOHbsWMIw0wqlLraomriHvMJIfOJ9o0OKw9ri58Agmc4L0zVEdpIK\r\nXRgnMZGNXppdq45u6ssqYVBTOJ6WhvCEQRf3Dnb8H9+xbN2xZcIDenGLmVZdX/TE\r\nlDY9//DC/CtoYKovPw4A+ag4ljU35Xs1nILtljz4PREtCjPvfCf3RUvrrEVq7xES\r\n0MFZBg4XbQEVI1AA39d7FZVKc26yyibxH1f5fU5YKgQ0kzFh0TBN+YbNooaIVw8r\r\n+Lv362uk0pp15cSZ8g+zkx/xY54SecsYOAqdrky2I3yVRrSRK/VFcx/NhiY82Yhg\r\nYRZWr8yv1WiYGsPVAgMBAAECggGBAJ50xnBkKVRj/VYx85lO2hzOOANP8TfOW1Sp\r\nnKxrupQWat1UVXZHnVVW9DPDdvcOAj24r2wdkbU3rBfouEnYql8WHbvMEac+piKk\r\nTkbjnnX3U/Qi4lk9UB38FQn4+3whPIAYBL+4i/wH6CZ4BMDkuFBAHG21cFv57FQR\r\nxhTPOeWHNcZ4CO3k46vMJH23Kesuw+KzRtdR7T6iiC0vHde2PJuNh7GVGXrOKZ1K\r\nIxSqI0wZSxjkTwEM950oKYzW5loLDaapjVe8nlZ9lEfLEzBPItlFuZgBbN05aFni\r\nu+51wS6fUZLn9bFR1Gj+pXEZXL5uISStWvkp5/ReOLRAkYBIVzoYDvO6NZfXZTu4\r\nIuUGdBpkDWjGJiviudWR8qfPlad/6suytA/ysCLba+UuycREFVQSqO3Pce0L7q3p\r\nVf7xgV0xERSbUexIwxizJvv0rJ7xi6/Hx8dgpooSI+1Gzg/ZCaeT7lcDqEku+oUg\r\ndz//890CGpTQXTasNdlBDCX72ZsbCQKBwQDnb3VAGnXzjsY6yckYjj/TupeZhQZm\r\noWeoQkwtlR/OY88s2BhZKoxj05FZgjAeOJHuZGzppGWbqvieGdYnm7Oq7fLlIbHq\r\nVyL8kpBkpWTw8tjXF42nEle4FIK3VqcvjNqzSlSQfu/TFBzNBESCV68naf25nHY1\r\nEHyFJRwiaNX1fVG5z5Tfp0Cgnn5xb38Xsz+k8okppKYBZaOfM295mIZah0ncyoL6\r\n636l8Z9xAEDAh3uxLDd9SeFKhMhafg8v9psCgcEA3ODDT1+3E1M9B2gd6rCgnQkc\r\nUqIecbPPBAX0KAC4rjUY04TorDnyb2mWzdZZoBXXYwplX/tQAlEU7FjZKpqJNXR8\r\nYXMr15/uf2FE/DrG4LGG4EiZvR5BU0XKQgPfxmODXm2+/IiBrw386l4TDiucRltL\r\nvPfWK6dewXwgma1AF6pOV6RkCKfzhtNBYQWW7Ru57eA3o1azcSRjedT8rekUmN2V\r\nQZ2WYeuwW7mcsU811fF+e5DAbdks/30joMy+7p5PAoHAMaMOGrmSIrK0gVdV8hZQ\r\nSjDy4tJNFSX4/XV6sSwSrklp3cxbLISbp61wtync+B5Z7i9LzLCduk1pFT+lVslm\r\nN3rhZZNcfU5DCrjEj1GJ3MO5DijXEMY2WhzMDFZhdSlYnquKh5MyDKt7od0QdIQp\r\n5OIusOiF0cu/aS8UYazqdsRyCtAitfVBPzG/HMU1FPg05kO+d1gA4rvR5As8FXBJ\r\nIJFzng8xGG/5sc2ozKupN6HXPaCmJhD6aOkhr4bp6veRAoHBAIDP45dKrq3qgVDs\r\ne2X/E+wBAC+AtFiDEFu8TSN3KD0QYiYZAMhQEv6+iWAJfcNKeY4c5foPyh1Pw/AB\r\n8MRT02kFQfRjAlKBxskqpNykOo+XeJ0cOex81IQH02ikccB1EIvlXNhRk6/PbIwR\r\nyPMeo8i0PXs63gAfX7de+HQnAZXLkFy0VlJmADPEyAAZDmfBH7GGbWwoiAWXvxuy\r\nBpo1r/lmYEEf8i+xD+yuVp9hHnhimezeAhsN6JwnErwYK9FlKQKBwFhryFRhGMaq\r\nSlPiV2E0DA5fz0aolJTrFba0ZRjWoRE9+LNuyFNLHJAEwD8c2AkxCIhmAnzXbvwZ\r\nFHXRgW4GGOtpyvwuPEsmS8PYSETIEmcYXJVYB+XvNXgER1KWy62Vz4x57GqXTDpb\r\nWBTuT6yuFCc0tOxnFYmU5K+rr5hZdvVnVVHfLdxrvAdLmhp3Ehw5GG2f24AQrj26\r\n/sp27MUV2VBgxn5EEt8HkDJrHHw08irhKv6KvGAhvijc22NTUb8ElQ==\r\n-----END RSA PRIVATE KEY-----\r\n",
                "publicKey": "ssh-rsa AAAAB3NzaC1yc2EAAAADAQABAAABgQDHrvrbVxFmG/LbmXaPVflDqpu8bG+F63B5ePPfAGEIFnEFAdXHGeFyHXG2pymCV83jNTfLsD6gxqO4eFiyUVIny8Qw6z52mDX1AVpxNRTFXK48B3mJkBGefvTgGizcABT07UnsyfWRLxbw1GSAn2CJAV8uRVvFuo4DrDW1GwSpEGiA1z+eP3f8D6KjlUc4duxYwjDTCqUutqiauIe8wkh84n2jQ4rD2uLnwCCZzgvTNUR2kgpdGCcxkY1eml2rjm7qyyphUFM4npaG8IRBF/cOdvwf37Fs3bFlwgN6cYuZVl1f9MSUNj3/8ML8K2hgqi8/DgD5qDiWNTflezWcgu2WPPg9ES0KM+98J/dFS+usRWrvERLQwVkGDhdtARUjUADf13sVlUpzbrLKJvEfV/l9TlgqBDSTMWHRME35hs2ihohXDyv4u/fra6TSmnXlxJnyD7OTH/FjnhJ5yxg4Cp2uTLYjfJVGtJEr9UVzH82GJjzZiGBhFlavzK/VaJgaw9U= generated-by-azure"
              },
              "type": [
                "object",
                {
                  "privateKey": "string",
                  "publicKey": "string"
                }
              ]
            },
            "resource_id": "/subscriptions/ab8702a6-4a7b-49f9-91d8-c5f9506a7ce9/resourceGroups/vm-resource_group/providers/Microsoft.Compute/sshPublicKeys/sshtalentedtahr",
            "response_export_values": [
              "publicKey",
              "privateKey"
            ],
            "timeouts": null,
            "type": "Microsoft.Compute/sshPublicKeys@2022-11-01",
            "when": "apply"
          },
          "sensitive_attributes": [],
          "dependencies": [
            "azapi_resource.ssh_public_key",
            "azurerm_resource_group.rg",
            "random_pet.ssh_key_name"
          ]
        }
      ]
    },
    {
      "mode": "managed",
      "type": "azurerm_linux_virtual_machine",
      "name": "my_terraform_vm",
      "provider": "provider[\"registry.terraform.io/hashicorp/azurerm\"]",
      "instances": [
        {
          "schema_version": 0,
          "attributes": {
            "additional_capabilities": [],
            "admin_password": null,
            "admin_ssh_key": [
              {
                "public_key": "ssh-rsa AAAAB3NzaC1yc2EAAAADAQABAAABgQDHrvrbVxFmG/LbmXaPVflDqpu8bG+F63B5ePPfAGEIFnEFAdXHGeFyHXG2pymCV83jNTfLsD6gxqO4eFiyUVIny8Qw6z52mDX1AVpxNRTFXK48B3mJkBGefvTgGizcABT07UnsyfWRLxbw1GSAn2CJAV8uRVvFuo4DrDW1GwSpEGiA1z+eP3f8D6KjlUc4duxYwjDTCqUutqiauIe8wkh84n2jQ4rD2uLnwCCZzgvTNUR2kgpdGCcxkY1eml2rjm7qyyphUFM4npaG8IRBF/cOdvwf37Fs3bFlwgN6cYuZVl1f9MSUNj3/8ML8K2hgqi8/DgD5qDiWNTflezWcgu2WPPg9ES0KM+98J/dFS+usRWrvERLQwVkGDhdtARUjUADf13sVlUpzbrLKJvEfV/l9TlgqBDSTMWHRME35hs2ihohXDyv4u/fra6TSmnXlxJnyD7OTH/FjnhJ5yxg4Cp2uTLYjfJVGtJEr9UVzH82GJjzZiGBhFlavzK/VaJgaw9U= generated-by-azure",
                "username": "kubecraft"
              }
            ],
            "admin_username": "kubecraft",
            "allow_extension_operations": true,
            "availability_set_id": "",
            "boot_diagnostics": [],
            "bypass_platform_safety_checks_on_user_schedule_enabled": false,
            "capacity_reservation_group_id": "",
            "computer_name": "hostname",
            "custom_data": null,
            "dedicated_host_group_id": "",
            "dedicated_host_id": "",
            "disable_password_authentication": true,
            "disk_controller_type": "SCSI",
            "edge_zone": "",
            "encryption_at_host_enabled": false,
            "eviction_policy": "",
            "extensions_time_budget": "PT1H30M",
            "gallery_application": [],
            "id": "/subscriptions/ab8702a6-4a7b-49f9-91d8-c5f9506a7ce9/resourceGroups/vm-resource_group/providers/Microsoft.Compute/virtualMachines/kubecraft-vm",
            "identity": [],
            "license_type": "",
            "location": "eastus",
            "max_bid_price": -1,
            "name": "kubecraft-vm",
            "network_interface_ids": [
              "/subscriptions/ab8702a6-4a7b-49f9-91d8-c5f9506a7ce9/resourceGroups/vm-resource_group/providers/Microsoft.Network/networkInterfaces/myNIC"
            ],
            "os_disk": [
              {
                "caching": "ReadWrite",
                "diff_disk_settings": [],
                "disk_encryption_set_id": "",
                "disk_size_gb": 30,
                "name": "myOsDisk",
                "secure_vm_disk_encryption_set_id": "",
                "security_encryption_type": "",
                "storage_account_type": "Standard_LRS",
                "write_accelerator_enabled": false
              }
            ],
            "os_image_notification": [],
            "patch_assessment_mode": "ImageDefault",
            "patch_mode": "ImageDefault",
            "plan": [],
            "platform_fault_domain": -1,
            "priority": "Regular",
            "private_ip_address": "10.0.1.4",
            "private_ip_addresses": [
              "10.0.1.4"
            ],
            "provision_vm_agent": true,
            "proximity_placement_group_id": "",
            "public_ip_address": "172.191.155.220",
            "public_ip_addresses": [
              "172.191.155.220"
            ],
            "reboot_setting": "",
            "resource_group_name": "vm-resource_group",
            "secret": [],
            "secure_boot_enabled": false,
            "size": "Standard_B1s",
            "source_image_id": "",
            "source_image_reference": [
              {
                "offer": "0001-com-ubuntu-server-jammy",
                "publisher": "Canonical",
                "sku": "22_04-lts-gen2",
                "version": "latest"
              }
            ],
            "tags": null,
            "termination_notification": null,
            "timeouts": null,
            "user_data": "",
            "virtual_machine_id": "38660959-927d-4844-a351-c0f415212931",
            "virtual_machine_scale_set_id": "",
            "vm_agent_platform_updates_enabled": false,
            "vtpm_enabled": false,
            "zone": ""
          },
          "sensitive_attributes": [
            [
              {
                "type": "get_attr",
                "value": "admin_password"
              }
            ],
            [
              {
                "type": "get_attr",
                "value": "custom_data"
              }
            ]
          ],
          "private": "eyJlMmJmYjczMC1lY2FhLTExZTYtOGY4OC0zNDM2M2JjN2M0YzAiOnsiY3JlYXRlIjoyNzAwMDAwMDAwMDAwLCJkZWxldGUiOjI3MDAwMDAwMDAwMDAsInJlYWQiOjMwMDAwMDAwMDAwMCwidXBkYXRlIjoyNzAwMDAwMDAwMDAwfX0=",
          "dependencies": [
            "azapi_resource.ssh_public_key",
            "azapi_resource_action.ssh_public_key_gen",
            "azurerm_network_interface.my_terraform_nic",
            "azurerm_public_ip.my_terraform_public_ip",
            "azurerm_resource_group.rg",
            "azurerm_subnet.my_terraform_subnet",
            "azurerm_virtual_network.my_terraform_network",
            "random_pet.ssh_key_name"
          ]
        }
      ]
    },
    {
      "mode": "managed",
      "type": "azurerm_network_interface",
      "name": "my_terraform_nic",
      "provider": "provider[\"registry.terraform.io/hashicorp/azurerm\"]",
      "instances": [
        {
          "schema_version": 0,
          "attributes": {
            "accelerated_networking_enabled": false,
            "applied_dns_servers": [],
            "auxiliary_mode": "",
            "auxiliary_sku": "",
            "dns_servers": [],
            "edge_zone": "",
            "enable_accelerated_networking": false,
            "enable_ip_forwarding": false,
            "id": "/subscriptions/ab8702a6-4a7b-49f9-91d8-c5f9506a7ce9/resourceGroups/vm-resource_group/providers/Microsoft.Network/networkInterfaces/myNIC",
            "internal_dns_name_label": "",
            "internal_domain_name_suffix": "cg1hcj2gfvbe3m5cbni2zdpnoa.bx.internal.cloudapp.net",
            "ip_configuration": [
              {
                "gateway_load_balancer_frontend_ip_configuration_id": "",
                "name": "my_nic_configuration",
                "primary": true,
                "private_ip_address": "10.0.1.4",
                "private_ip_address_allocation": "Dynamic",
                "private_ip_address_version": "IPv4",
                "public_ip_address_id": "/subscriptions/ab8702a6-4a7b-49f9-91d8-c5f9506a7ce9/resourceGroups/vm-resource_group/providers/Microsoft.Network/publicIPAddresses/myPublicIP",
                "subnet_id": "/subscriptions/ab8702a6-4a7b-49f9-91d8-c5f9506a7ce9/resourceGroups/vm-resource_group/providers/Microsoft.Network/virtualNetworks/myVnet/subnets/mySubnet"
              }
            ],
            "ip_forwarding_enabled": false,
            "location": "eastus",
            "mac_address": "",
            "name": "myNIC",
            "private_ip_address": "10.0.1.4",
            "private_ip_addresses": [
              "10.0.1.4"
            ],
            "resource_group_name": "vm-resource_group",
            "tags": {},
            "timeouts": null,
            "virtual_machine_id": ""
          },
          "sensitive_attributes": [],
          "private": "eyJlMmJmYjczMC1lY2FhLTExZTYtOGY4OC0zNDM2M2JjN2M0YzAiOnsiY3JlYXRlIjoxODAwMDAwMDAwMDAwLCJkZWxldGUiOjE4MDAwMDAwMDAwMDAsInJlYWQiOjMwMDAwMDAwMDAwMCwidXBkYXRlIjoxODAwMDAwMDAwMDAwfX0=",
          "dependencies": [
            "azurerm_public_ip.my_terraform_public_ip",
            "azurerm_resource_group.rg",
            "azurerm_subnet.my_terraform_subnet",
            "azurerm_virtual_network.my_terraform_network"
          ]
        }
      ]
    },
    {
      "mode": "managed",
      "type": "azurerm_network_interface_security_group_association",
      "name": "example",
      "provider": "provider[\"registry.terraform.io/hashicorp/azurerm\"]",
      "instances": [
        {
          "schema_version": 0,
          "attributes": {
            "id": "/subscriptions/ab8702a6-4a7b-49f9-91d8-c5f9506a7ce9/resourceGroups/vm-resource_group/providers/Microsoft.Network/networkInterfaces/myNIC|/subscriptions/ab8702a6-4a7b-49f9-91d8-c5f9506a7ce9/resourceGroups/vm-resource_group/providers/Microsoft.Network/networkSecurityGroups/myNetworkSecurityGroup",
            "network_interface_id": "/subscriptions/ab8702a6-4a7b-49f9-91d8-c5f9506a7ce9/resourceGroups/vm-resource_group/providers/Microsoft.Network/networkInterfaces/myNIC",
            "network_security_group_id": "/subscriptions/ab8702a6-4a7b-49f9-91d8-c5f9506a7ce9/resourceGroups/vm-resource_group/providers/Microsoft.Network/networkSecurityGroups/myNetworkSecurityGroup",
            "timeouts": null
          },
          "sensitive_attributes": [],
          "private": "eyJlMmJmYjczMC1lY2FhLTExZTYtOGY4OC0zNDM2M2JjN2M0YzAiOnsiY3JlYXRlIjoxODAwMDAwMDAwMDAwLCJkZWxldGUiOjE4MDAwMDAwMDAwMDAsInJlYWQiOjMwMDAwMDAwMDAwMH19",
          "dependencies": [
            "azurerm_network_interface.my_terraform_nic",
            "azurerm_network_security_group.my_terraform_nsg",
            "azurerm_public_ip.my_terraform_public_ip",
            "azurerm_resource_group.rg",
            "azurerm_subnet.my_terraform_subnet",
            "azurerm_virtual_network.my_terraform_network"
          ]
        }
      ]
    },
    {
      "mode": "managed",
      "type": "azurerm_network_security_group",
      "name": "my_terraform_nsg",
      "provider": "provider[\"registry.terraform.io/hashicorp/azurerm\"]",
      "instances": [
        {
          "schema_version": 0,
          "attributes": {
            "id": "/subscriptions/ab8702a6-4a7b-49f9-91d8-c5f9506a7ce9/resourceGroups/vm-resource_group/providers/Microsoft.Network/networkSecurityGroups/myNetworkSecurityGroup",
            "location": "eastus",
            "name": "myNetworkSecurityGroup",
            "resource_group_name": "vm-resource_group",
            "security_rule": [
              {
                "access": "Allow",
                "description": "",
                "destination_address_prefix": "*",
                "destination_address_prefixes": [],
                "destination_application_security_group_ids": [],
                "destination_port_range": "22",
                "destination_port_ranges": [],
                "direction": "Inbound",
                "name": "SSH",
                "priority": 1001,
                "protocol": "Tcp",
                "source_address_prefix": "*",
                "source_address_prefixes": [],
                "source_application_security_group_ids": [],
                "source_port_range": "*",
                "source_port_ranges": []
              }
            ],
            "tags": {},
            "timeouts": null
          },
          "sensitive_attributes": [],
          "private": "eyJlMmJmYjczMC1lY2FhLTExZTYtOGY4OC0zNDM2M2JjN2M0YzAiOnsiY3JlYXRlIjoxODAwMDAwMDAwMDAwLCJkZWxldGUiOjE4MDAwMDAwMDAwMDAsInJlYWQiOjMwMDAwMDAwMDAwMCwidXBkYXRlIjoxODAwMDAwMDAwMDAwfX0=",
          "dependencies": [
            "azurerm_resource_group.rg"
          ]
        }
      ]
    },
    {
      "mode": "managed",
      "type": "azurerm_public_ip",
      "name": "my_terraform_public_ip",
      "provider": "provider[\"registry.terraform.io/hashicorp/azurerm\"]",
      "instances": [
        {
          "schema_version": 0,
          "attributes": {
            "allocation_method": "Dynamic",
            "ddos_protection_mode": "VirtualNetworkInherited",
            "ddos_protection_plan_id": null,
            "domain_name_label": null,
            "edge_zone": "",
            "fqdn": null,
            "id": "/subscriptions/ab8702a6-4a7b-49f9-91d8-c5f9506a7ce9/resourceGroups/vm-resource_group/providers/Microsoft.Network/publicIPAddresses/myPublicIP",
            "idle_timeout_in_minutes": 4,
            "ip_address": "",
            "ip_tags": {},
            "ip_version": "IPv4",
            "location": "eastus",
            "name": "myPublicIP",
            "public_ip_prefix_id": null,
            "resource_group_name": "vm-resource_group",
            "reverse_fqdn": null,
            "sku": "Basic",
            "sku_tier": "Regional",
            "tags": {},
            "timeouts": null,
            "zones": []
          },
          "sensitive_attributes": [],
          "private": "eyJlMmJmYjczMC1lY2FhLTExZTYtOGY4OC0zNDM2M2JjN2M0YzAiOnsiY3JlYXRlIjoxODAwMDAwMDAwMDAwLCJkZWxldGUiOjE4MDAwMDAwMDAwMDAsInJlYWQiOjMwMDAwMDAwMDAwMCwidXBkYXRlIjoxODAwMDAwMDAwMDAwfX0=",
          "dependencies": [
            "azurerm_resource_group.rg"
          ]
        }
      ]
    },
    {
      "mode": "managed",
      "type": "azurerm_resource_group",
      "name": "rg",
      "provider": "provider[\"registry.terraform.io/hashicorp/azurerm\"]",
      "instances": [
        {
          "schema_version": 0,
          "attributes": {
            "id": "/subscriptions/ab8702a6-4a7b-49f9-91d8-c5f9506a7ce9/resourceGroups/vm-resource_group",
            "location": "eastus",
            "managed_by": "",
            "name": "vm-resource_group",
            "tags": {},
            "timeouts": null
          },
          "sensitive_attributes": [],
          "private": "eyJlMmJmYjczMC1lY2FhLTExZTYtOGY4OC0zNDM2M2JjN2M0YzAiOnsiY3JlYXRlIjo1NDAwMDAwMDAwMDAwLCJkZWxldGUiOjU0MDAwMDAwMDAwMDAsInJlYWQiOjMwMDAwMDAwMDAwMCwidXBkYXRlIjo1NDAwMDAwMDAwMDAwfX0="
        }
      ]
    },
    {
      "mode": "managed",
      "type": "azurerm_subnet",
      "name": "my_terraform_subnet",
      "provider": "provider[\"registry.terraform.io/hashicorp/azurerm\"]",
      "instances": [
        {
          "schema_version": 0,
          "attributes": {
            "address_prefixes": [
              "10.0.1.0/24"
            ],
            "default_outbound_access_enabled": true,
            "delegation": [],
            "enforce_private_link_endpoint_network_policies": false,
            "enforce_private_link_service_network_policies": false,
            "id": "/subscriptions/ab8702a6-4a7b-49f9-91d8-c5f9506a7ce9/resourceGroups/vm-resource_group/providers/Microsoft.Network/virtualNetworks/myVnet/subnets/mySubnet",
            "name": "mySubnet",
            "private_endpoint_network_policies": "Enabled",
            "private_endpoint_network_policies_enabled": true,
            "private_link_service_network_policies_enabled": true,
            "resource_group_name": "vm-resource_group",
            "service_endpoint_policy_ids": [],
            "service_endpoints": [],
            "timeouts": null,
            "virtual_network_name": "myVnet"
          },
          "sensitive_attributes": [],
          "private": "eyJlMmJmYjczMC1lY2FhLTExZTYtOGY4OC0zNDM2M2JjN2M0YzAiOnsiY3JlYXRlIjoxODAwMDAwMDAwMDAwLCJkZWxldGUiOjE4MDAwMDAwMDAwMDAsInJlYWQiOjMwMDAwMDAwMDAwMCwidXBkYXRlIjoxODAwMDAwMDAwMDAwfX0=",
          "dependencies": [
            "azurerm_resource_group.rg",
            "azurerm_virtual_network.my_terraform_network"
          ]
        }
      ]
    },
    {
      "mode": "managed",
      "type": "azurerm_virtual_network",
      "name": "my_terraform_network",
      "provider": "provider[\"registry.terraform.io/hashicorp/azurerm\"]",
      "instances": [
        {
          "schema_version": 0,
          "attributes": {
            "address_space": [
              "10.0.0.0/16"
            ],
            "bgp_community": "",
            "ddos_protection_plan": [],
            "dns_servers": [],
            "edge_zone": "",
            "encryption": [],
            "flow_timeout_in_minutes": 0,
            "guid": "2771b611-2d86-4e42-b3e2-0b51cc8ded70",
            "id": "/subscriptions/ab8702a6-4a7b-49f9-91d8-c5f9506a7ce9/resourceGroups/vm-resource_group/providers/Microsoft.Network/virtualNetworks/myVnet",
            "location": "eastus",
            "name": "myVnet",
            "resource_group_name": "vm-resource_group",
            "subnet": [
              {
                "address_prefix": "10.0.1.0/24",
                "id": "/subscriptions/ab8702a6-4a7b-49f9-91d8-c5f9506a7ce9/resourceGroups/vm-resource_group/providers/Microsoft.Network/virtualNetworks/myVnet/subnets/mySubnet",
                "name": "mySubnet",
                "security_group": ""
              }
            ],
            "tags": {},
            "timeouts": null
          },
          "sensitive_attributes": [],
          "private": "eyJlMmJmYjczMC1lY2FhLTExZTYtOGY4OC0zNDM2M2JjN2M0YzAiOnsiY3JlYXRlIjoxODAwMDAwMDAwMDAwLCJkZWxldGUiOjE4MDAwMDAwMDAwMDAsInJlYWQiOjMwMDAwMDAwMDAwMCwidXBkYXRlIjoxODAwMDAwMDAwMDAwfX0=",
          "dependencies": [
            "azurerm_resource_group.rg"
          ]
        }
      ]
    },
    {
      "mode": "managed",
      "type": "random_pet",
      "name": "ssh_key_name",
      "provider": "provider[\"registry.terraform.io/hashicorp/random\"]",
      "instances": [
        {
          "schema_version": 0,
          "attributes": {
            "id": "sshtalentedtahr",
            "keepers": null,
            "length": 2,
            "prefix": "ssh",
            "separator": ""
          },
          "sensitive_attributes": []
        }
      ]
    }
  ],
  "check_results": null
}
